
Microsoft Visual Studio Solution File, Format Version 12.00
# Visual Studio Version 17
VisualStudioVersion = 17.3.32922.545
MinimumVisualStudioVersion = 10.0.40219.1
Project("{FAE04EC0-301F-11D3-BF4B-00C04F79EFBC}") = "UAS_046", "UAS_046\UAS_046.csproj", "{92DBD134-BAA5-488E-AE7B-0993B00FD7A4}"
EndProject
Global
	GlobalSection(SolutionConfigurationPlatforms) = preSolution
		Debug|Any CPU = Debug|Any CPU
		Release|Any CPU = Release|Any CPU
	EndGlobalSection
	GlobalSection(ProjectConfigurationPlatforms) = postSolution
		{92DBD134-BAA5-488E-AE7B-0993B00FD7A4}.Debug|Any CPU.ActiveCfg = Debug|Any CPU
		{92DBD134-BAA5-488E-AE7B-0993B00FD7A4}.Debug|Any CPU.Build.0 = Debug|Any CPU
		{92DBD134-BAA5-488E-AE7B-0993B00FD7A4}.Release|Any CPU.ActiveCfg = Release|Any CPU
		{92DBD134-BAA5-488E-AE7B-0993B00FD7A4}.Release|Any CPU.Build.0 = Release|Any CPU
	EndGlobalSection
	GlobalSection(SolutionProperties) = preSolution
		HideSolutionNode = FALSE
	EndGlobalSection
	GlobalSection(ExtensibilityGlobals) = postSolution
		SolutionGuid = {231766C8-9123-4010-8AC0-4AD4D8DF353E}
	EndGlobalSection
EndGlobal
